// !$*UTF8*$!
{
	archiveVersion = 1;
	classes = {
	};
	objectVersion = 45;
	objects = {

/* Begin PBXBuildFile section */
		AA747D9F0F9514B9006C5449 /* FWFoundation_Prefix.pch in Headers */ = {isa = PBXBuildFile; fileRef = AA747D9E0F9514B9006C5449 /* FWFoundation_Prefix.pch */; };
		AACBBE4A0F95108600F1A2B1 /* Foundation.framework in Frameworks */ = {isa = PBXBuildFile; fileRef = AACBBE490F95108600F1A2B1 /* Foundation.framework */; };
		CBF6699D1390F9E7001AD176 /* GHUnitIOS.framework in Frameworks */ = {isa = PBXBuildFile; fileRef = CBF6699C1390F9E7001AD176 /* GHUnitIOS.framework */; };
		CBF669A11390FA10001AD176 /* CoreGraphics.framework in Frameworks */ = {isa = PBXBuildFile; fileRef = CBF669A01390FA10001AD176 /* CoreGraphics.framework */; };
		CBF669A21390FA10001AD176 /* Foundation.framework in Frameworks */ = {isa = PBXBuildFile; fileRef = AACBBE490F95108600F1A2B1 /* Foundation.framework */; };
		CBF669A41390FA10001AD176 /* UIKit.framework in Frameworks */ = {isa = PBXBuildFile; fileRef = CBF669A31390FA10001AD176 /* UIKit.framework */; };
		CBF66A491390FB82001AD176 /* GHUnitIOSTestMain.m in Sources */ = {isa = PBXBuildFile; fileRef = CBF66A481390FB82001AD176 /* GHUnitIOSTestMain.m */; };
		CBF66A5D13910106001AD176 /* FWDebug.h in Headers */ = {isa = PBXBuildFile; fileRef = CBF66A5B13910106001AD176 /* FWDebug.h */; };
		CBF66A5E13910106001AD176 /* FWFoundation.h in Headers */ = {isa = PBXBuildFile; fileRef = CBF66A5C13910106001AD176 /* FWFoundation.h */; };
		CBF66A6013910147001AD176 /* FWDebugTest.m in Sources */ = {isa = PBXBuildFile; fileRef = CBF66A5F13910147001AD176 /* FWDebugTest.m */; };
		CBF66A77139104C8001AD176 /* NSObject+Addition.h in Headers */ = {isa = PBXBuildFile; fileRef = CBF66A76139104C8001AD176 /* NSObject+Addition.h */; };
		CBF66A79139104DB001AD176 /* NSObject+Addition.m in Sources */ = {isa = PBXBuildFile; fileRef = CBF66A78139104DB001AD176 /* NSObject+Addition.m */; };
		CBF66A7A139104DB001AD176 /* NSObject+Addition.m in Sources */ = {isa = PBXBuildFile; fileRef = CBF66A78139104DB001AD176 /* NSObject+Addition.m */; };
		CBF66A7C139104F3001AD176 /* NSObject+AdditionTest.m in Sources */ = {isa = PBXBuildFile; fileRef = CBF66A7B139104F3001AD176 /* NSObject+AdditionTest.m */; };
		CBF66A8C13916D84001AD176 /* NSDictionary+Addition.h in Headers */ = {isa = PBXBuildFile; fileRef = CBF66A8B13916D84001AD176 /* NSDictionary+Addition.h */; };
		CBF66A8E13916D8F001AD176 /* NSDictionary+Addition.m in Sources */ = {isa = PBXBuildFile; fileRef = CBF66A8D13916D8F001AD176 /* NSDictionary+Addition.m */; };
		CBF66A8F13916D8F001AD176 /* NSDictionary+Addition.m in Sources */ = {isa = PBXBuildFile; fileRef = CBF66A8D13916D8F001AD176 /* NSDictionary+Addition.m */; };
		CBF66A9113916D99001AD176 /* NSDictionary+AdditionTest.m in Sources */ = {isa = PBXBuildFile; fileRef = CBF66A9013916D99001AD176 /* NSDictionary+AdditionTest.m */; };
/* End PBXBuildFile section */

/* Begin PBXFileReference section */
		AA747D9E0F9514B9006C5449 /* FWFoundation_Prefix.pch */ = {isa = PBXFileReference; fileEncoding = 4; lastKnownFileType = sourcecode.c.h; path = FWFoundation_Prefix.pch; sourceTree = "<group>"; };
		AACBBE490F95108600F1A2B1 /* Foundation.framework */ = {isa = PBXFileReference; lastKnownFileType = wrapper.framework; name = Foundation.framework; path = System/Library/Frameworks/Foundation.framework; sourceTree = SDKROOT; };
		CBF6692E1390F576001AD176 /* Info.plist */ = {isa = PBXFileReference; fileEncoding = 4; lastKnownFileType = text.plist.xml; path = Info.plist; sourceTree = "<group>"; };
		CBF669941390F6E3001AD176 /* Tests.app */ = {isa = PBXFileReference; explicitFileType = wrapper.application; includeInIndex = 0; path = Tests.app; sourceTree = BUILT_PRODUCTS_DIR; };
		CBF669961390F6E3001AD176 /* Tests-Info.plist */ = {isa = PBXFileReference; lastKnownFileType = text.plist.xml; path = "Tests-Info.plist"; sourceTree = "<group>"; };
		CBF6699C1390F9E7001AD176 /* GHUnitIOS.framework */ = {isa = PBXFileReference; lastKnownFileType = wrapper.framework; name = GHUnitIOS.framework; path = Frameworks/GHUnitIOS.framework; sourceTree = "<group>"; };
		CBF669A01390FA10001AD176 /* CoreGraphics.framework */ = {isa = PBXFileReference; lastKnownFileType = wrapper.framework; name = CoreGraphics.framework; path = System/Library/Frameworks/CoreGraphics.framework; sourceTree = SDKROOT; };
		CBF669A31390FA10001AD176 /* UIKit.framework */ = {isa = PBXFileReference; lastKnownFileType = wrapper.framework; name = UIKit.framework; path = System/Library/Frameworks/UIKit.framework; sourceTree = SDKROOT; };
		CBF66A371390FA6F001AD176 /* Tests_Prefix.pch */ = {isa = PBXFileReference; fileEncoding = 4; lastKnownFileType = sourcecode.c.h; path = Tests_Prefix.pch; sourceTree = "<group>"; };
		CBF66A481390FB82001AD176 /* GHUnitIOSTestMain.m */ = {isa = PBXFileReference; fileEncoding = 4; lastKnownFileType = sourcecode.c.objc; path = GHUnitIOSTestMain.m; sourceTree = "<group>"; };
		CBF66A5B13910106001AD176 /* FWDebug.h */ = {isa = PBXFileReference; fileEncoding = 4; lastKnownFileType = sourcecode.c.h; path = FWDebug.h; sourceTree = "<group>"; };
		CBF66A5C13910106001AD176 /* FWFoundation.h */ = {isa = PBXFileReference; fileEncoding = 4; lastKnownFileType = sourcecode.c.h; path = FWFoundation.h; sourceTree = "<group>"; };
		CBF66A5F13910147001AD176 /* FWDebugTest.m */ = {isa = PBXFileReference; fileEncoding = 4; lastKnownFileType = sourcecode.c.objc; path = FWDebugTest.m; sourceTree = "<group>"; };
		CBF66A76139104C8001AD176 /* NSObject+Addition.h */ = {isa = PBXFileReference; fileEncoding = 4; lastKnownFileType = sourcecode.c.h; path = "NSObject+Addition.h"; sourceTree = "<group>"; };
		CBF66A78139104DB001AD176 /* NSObject+Addition.m */ = {isa = PBXFileReference; fileEncoding = 4; lastKnownFileType = sourcecode.c.objc; path = "NSObject+Addition.m"; sourceTree = "<group>"; };
		CBF66A7B139104F3001AD176 /* NSObject+AdditionTest.m */ = {isa = PBXFileReference; fileEncoding = 4; lastKnownFileType = sourcecode.c.objc; path = "NSObject+AdditionTest.m"; sourceTree = "<group>"; };
		CBF66A8B13916D84001AD176 /* NSDictionary+Addition.h */ = {isa = PBXFileReference; fileEncoding = 4; lastKnownFileType = sourcecode.c.h; path = "NSDictionary+Addition.h"; sourceTree = "<group>"; };
		CBF66A8D13916D8F001AD176 /* NSDictionary+Addition.m */ = {isa = PBXFileReference; fileEncoding = 4; lastKnownFileType = sourcecode.c.objc; path = "NSDictionary+Addition.m"; sourceTree = "<group>"; };
		CBF66A9013916D99001AD176 /* NSDictionary+AdditionTest.m */ = {isa = PBXFileReference; fileEncoding = 4; lastKnownFileType = sourcecode.c.objc; path = "NSDictionary+AdditionTest.m"; sourceTree = "<group>"; };
		D2AAC07E0554694100DB518D /* libFWFoundation.a */ = {isa = PBXFileReference; explicitFileType = archive.ar; includeInIndex = 0; path = libFWFoundation.a; sourceTree = BUILT_PRODUCTS_DIR; };
/* End PBXFileReference section */

/* Begin PBXFrameworksBuildPhase section */
		CBF669921390F6E3001AD176 /* Frameworks */ = {
			isa = PBXFrameworksBuildPhase;
			buildActionMask = 2147483647;
			files = (
				CBF6699D1390F9E7001AD176 /* GHUnitIOS.framework in Frameworks */,
				CBF669A11390FA10001AD176 /* CoreGraphics.framework in Frameworks */,
				CBF669A21390FA10001AD176 /* Foundation.framework in Frameworks */,
				CBF669A41390FA10001AD176 /* UIKit.framework in Frameworks */,
			);
			runOnlyForDeploymentPostprocessing = 0;
		};
		D2AAC07C0554694100DB518D /* Frameworks */ = {
			isa = PBXFrameworksBuildPhase;
			buildActionMask = 2147483647;
			files = (
				AACBBE4A0F95108600F1A2B1 /* Foundation.framework in Frameworks */,
			);
			runOnlyForDeploymentPostprocessing = 0;
		};
/* End PBXFrameworksBuildPhase section */

/* Begin PBXGroup section */
		034768DFFF38A50411DB9C8B /* Products */ = {
			isa = PBXGroup;
			children = (
				D2AAC07E0554694100DB518D /* libFWFoundation.a */,
				CBF669941390F6E3001AD176 /* Tests.app */,
			);
			name = Products;
			sourceTree = "<group>";
		};
		0867D691FE84028FC02AAC07 /* FWFoundation */ = {
			isa = PBXGroup;
			children = (
				CBF66A371390FA6F001AD176 /* Tests_Prefix.pch */,
				CBE94709138FB95D00E0DC0A /* Headers */,
				CBE94708138FB95700E0DC0A /* Sources */,
				CBE94707138FB94600E0DC0A /* Resources */,
				CBE94706138FB93D00E0DC0A /* Tests */,
				AA747D9E0F9514B9006C5449 /* FWFoundation_Prefix.pch */,
				0867D69AFE84028FC02AAC07 /* Frameworks */,
				034768DFFF38A50411DB9C8B /* Products */,
				CBF669961390F6E3001AD176 /* Tests-Info.plist */,
			);
			name = FWFoundation;
			sourceTree = "<group>";
		};
		0867D69AFE84028FC02AAC07 /* Frameworks */ = {
			isa = PBXGroup;
			children = (
				CBF6699C1390F9E7001AD176 /* GHUnitIOS.framework */,
				CBF669A01390FA10001AD176 /* CoreGraphics.framework */,
				CBF669A31390FA10001AD176 /* UIKit.framework */,
				AACBBE490F95108600F1A2B1 /* Foundation.framework */,
			);
			name = Frameworks;
			sourceTree = "<group>";
		};
		CBE94706138FB93D00E0DC0A /* Tests */ = {
			isa = PBXGroup;
			children = (
				CBF66A9013916D99001AD176 /* NSDictionary+AdditionTest.m */,
				CBF66A7B139104F3001AD176 /* NSObject+AdditionTest.m */,
				CBF66A5F13910147001AD176 /* FWDebugTest.m */,
				CBF66A481390FB82001AD176 /* GHUnitIOSTestMain.m */,
			);
			name = Tests;
			path = /Users/kazupon/Projects/frapwings/libraries/apple/FWFoundation/Tests;
			sourceTree = "<absolute>";
		};
		CBE94707138FB94600E0DC0A /* Resources */ = {
			isa = PBXGroup;
			children = (
				CBF6692E1390F576001AD176 /* Info.plist */,
			);
			name = Resources;
			path = /Users/kazupon/Projects/frapwings/libraries/apple/FWFoundation/Resources;
			sourceTree = "<absolute>";
		};
		CBE94708138FB95700E0DC0A /* Sources */ = {
			isa = PBXGroup;
			children = (
				CBF66A8D13916D8F001AD176 /* NSDictionary+Addition.m */,
				CBF66A78139104DB001AD176 /* NSObject+Addition.m */,
			);
			name = Sources;
			path = /Users/kazupon/Projects/frapwings/libraries/apple/FWFoundation/Sources;
			sourceTree = "<absolute>";
		};
		CBE94709138FB95D00E0DC0A /* Headers */ = {
			isa = PBXGroup;
			children = (
				CBF66A8B13916D84001AD176 /* NSDictionary+Addition.h */,
				CBF66A76139104C8001AD176 /* NSObject+Addition.h */,
				CBF66A5B13910106001AD176 /* FWDebug.h */,
				CBF66A5C13910106001AD176 /* FWFoundation.h */,
			);
			name = Headers;
			path = /Users/kazupon/Projects/frapwings/libraries/apple/FWFoundation/Headers;
			sourceTree = "<absolute>";
		};
/* End PBXGroup section */

/* Begin PBXHeadersBuildPhase section */
		D2AAC07A0554694100DB518D /* Headers */ = {
			isa = PBXHeadersBuildPhase;
			buildActionMask = 2147483647;
			files = (
				AA747D9F0F9514B9006C5449 /* FWFoundation_Prefix.pch in Headers */,
				CBF66A5D13910106001AD176 /* FWDebug.h in Headers */,
				CBF66A5E13910106001AD176 /* FWFoundation.h in Headers */,
				CBF66A77139104C8001AD176 /* NSObject+Addition.h in Headers */,
				CBF66A8C13916D84001AD176 /* NSDictionary+Addition.h in Headers */,
			);
			runOnlyForDeploymentPostprocessing = 0;
		};
/* End PBXHeadersBuildPhase section */

/* Begin PBXNativeTarget section */
		CBF669931390F6E3001AD176 /* Tests */ = {
			isa = PBXNativeTarget;
			buildConfigurationList = CBF669991390F6E4001AD176 /* Build configuration list for PBXNativeTarget "Tests" */;
			buildPhases = (
				CBF669901390F6E3001AD176 /* Resources */,
				CBF669911390F6E3001AD176 /* Sources */,
				CBF669921390F6E3001AD176 /* Frameworks */,
			);
			buildRules = (
			);
			dependencies = (
			);
			name = Tests;
			productName = Tests;
			productReference = CBF669941390F6E3001AD176 /* Tests.app */;
			productType = "com.apple.product-type.application";
		};
		D2AAC07D0554694100DB518D /* FWFoundation */ = {
			isa = PBXNativeTarget;
			buildConfigurationList = 1DEB921E08733DC00010E9CD /* Build configuration list for PBXNativeTarget "FWFoundation" */;
			buildPhases = (
				D2AAC07A0554694100DB518D /* Headers */,
				D2AAC07B0554694100DB518D /* Sources */,
				D2AAC07C0554694100DB518D /* Frameworks */,
			);
			buildRules = (
			);
			dependencies = (
			);
			name = FWFoundation;
			productName = FWFoundation;
			productReference = D2AAC07E0554694100DB518D /* libFWFoundation.a */;
			productType = "com.apple.product-type.library.static";
		};
/* End PBXNativeTarget section */

/* Begin PBXProject section */
		0867D690FE84028FC02AAC07 /* Project object */ = {
			isa = PBXProject;
			buildConfigurationList = 1DEB922208733DC00010E9CD /* Build configuration list for PBXProject "FWFoundation" */;
			compatibilityVersion = "Xcode 3.1";
			developmentRegion = English;
			hasScannedForEncodings = 1;
			knownRegions = (
				English,
				Japanese,
				French,
				German,
			);
			mainGroup = 0867D691FE84028FC02AAC07 /* FWFoundation */;
			productRefGroup = 034768DFFF38A50411DB9C8B /* Products */;
			projectDirPath = "";
			projectRoot = "";
			targets = (
				D2AAC07D0554694100DB518D /* FWFoundation */,
				CBF669931390F6E3001AD176 /* Tests */,
			);
		};
/* End PBXProject section */

/* Begin PBXResourcesBuildPhase section */
		CBF669901390F6E3001AD176 /* Resources */ = {
			isa = PBXResourcesBuildPhase;
			buildActionMask = 2147483647;
			files = (
			);
			runOnlyForDeploymentPostprocessing = 0;
		};
/* End PBXResourcesBuildPhase section */

/* Begin PBXSourcesBuildPhase section */
		CBF669911390F6E3001AD176 /* Sources */ = {
			isa = PBXSourcesBuildPhase;
			buildActionMask = 2147483647;
			files = (
				CBF66A491390FB82001AD176 /* GHUnitIOSTestMain.m in Sources */,
				CBF66A6013910147001AD176 /* FWDebugTest.m in Sources */,
				CBF66A79139104DB001AD176 /* NSObject+Addition.m in Sources */,
				CBF66A7C139104F3001AD176 /* NSObject+AdditionTest.m in Sources */,
				CBF66A8E13916D8F001AD176 /* NSDictionary+Addition.m in Sources */,
				CBF66A9113916D99001AD176 /* NSDictionary+AdditionTest.m in Sources */,
			);
			runOnlyForDeploymentPostprocessing = 0;
		};
		D2AAC07B0554694100DB518D /* Sources */ = {
			isa = PBXSourcesBuildPhase;
			buildActionMask = 2147483647;
			files = (
				CBF66A7A139104DB001AD176 /* NSObject+Addition.m in Sources */,
				CBF66A8F13916D8F001AD176 /* NSDictionary+Addition.m in Sources */,
			);
			runOnlyForDeploymentPostprocessing = 0;
		};
/* End PBXSourcesBuildPhase section */

/* Begin XCBuildConfiguration section */
		1DEB921F08733DC00010E9CD /* Debug */ = {
			isa = XCBuildConfiguration;
			buildSettings = {
				ALWAYS_SEARCH_USER_PATHS = NO;
				ARCHS = "$(ARCHS_STANDARD_32_BIT)";
				COPY_PHASE_STRIP = NO;
				DSTROOT = /tmp/FWFoundation.dst;
				GCC_DYNAMIC_NO_PIC = NO;
				GCC_ENABLE_FIX_AND_CONTINUE = YES;
				GCC_MODEL_TUNING = G5;
				GCC_OPTIMIZATION_LEVEL = 0;
				GCC_PRECOMPILE_PREFIX_HEADER = YES;
				GCC_PREFIX_HEADER = FWFoundation_Prefix.pch;
				GCC_PREPROCESSOR_DEFINITIONS = "FW_DEBUG_LEVEL=7";
				INSTALL_PATH = /usr/local/lib;
				PRODUCT_NAME = FWFoundation;
				TARGETED_DEVICE_FAMILY = "1,2";
			};
			name = Debug;
		};
		1DEB922008733DC00010E9CD /* Release */ = {
			isa = XCBuildConfiguration;
			buildSettings = {
				ALWAYS_SEARCH_USER_PATHS = NO;
				ARCHS = "$(ARCHS_STANDARD_32_BIT)";
				DSTROOT = /tmp/FWFoundation.dst;
				GCC_MODEL_TUNING = G5;
				GCC_PRECOMPILE_PREFIX_HEADER = YES;
				GCC_PREFIX_HEADER = FWFoundation_Prefix.pch;
				INSTALL_PATH = /usr/local/lib;
				OTHER_CFLAGS = "-DNS_BLOCK_ASSERTIONS=1";
				PRODUCT_NAME = FWFoundation;
				TARGETED_DEVICE_FAMILY = "1,2";
			};
			name = Release;
		};
		1DEB922308733DC00010E9CD /* Debug */ = {
			isa = XCBuildConfiguration;
			buildSettings = {
				ARCHS = "$(ARCHS_STANDARD_32_BIT)";
				GCC_C_LANGUAGE_STANDARD = c99;
				GCC_OPTIMIZATION_LEVEL = 0;
				GCC_WARN_ABOUT_RETURN_TYPE = YES;
				GCC_WARN_UNUSED_VARIABLE = YES;
				OTHER_LDFLAGS = "-ObjC";
				PREBINDING = NO;
				SDKROOT = iphoneos;
			};
			name = Debug;
		};
		1DEB922408733DC00010E9CD /* Release */ = {
			isa = XCBuildConfiguration;
			buildSettings = {
				ARCHS = "$(ARCHS_STANDARD_32_BIT)";
				GCC_C_LANGUAGE_STANDARD = c99;
				GCC_WARN_ABOUT_RETURN_TYPE = YES;
				GCC_WARN_UNUSED_VARIABLE = YES;
				OTHER_LDFLAGS = "-ObjC";
				PREBINDING = NO;
				SDKROOT = iphoneos;
			};
			name = Release;
		};
		CBF669971390F6E3001AD176 /* Debug */ = {
			isa = XCBuildConfiguration;
			buildSettings = {
				ALWAYS_SEARCH_USER_PATHS = NO;
				CODE_SIGN_IDENTITY = "Don't Code Sign";
				COPY_PHASE_STRIP = NO;
				FRAMEWORK_SEARCH_PATHS = (
					"$(inherited)",
					"\"$(SRCROOT)/Frameworks\"",
				);
				GCC_DYNAMIC_NO_PIC = NO;
				GCC_OPTIMIZATION_LEVEL = 0;
				GCC_PRECOMPILE_PREFIX_HEADER = YES;
				GCC_PREFIX_HEADER = Tests_Prefix.pch;
				GCC_PREPROCESSOR_DEFINITIONS = "FW_DEBUG_LEVEL=7";
				INFOPLIST_FILE = "Tests-Info.plist";
				INSTALL_PATH = "$(HOME)/Applications";
				IPHONEOS_DEPLOYMENT_TARGET = 3.0;
				OTHER_CFLAGS = "-DNS_BLOCK_ASSERTIONS=0";
				OTHER_LDFLAGS = (
					"-ObjC",
					"-all_load",
				);
				PREBINDING = NO;
				PRODUCT_NAME = Tests;
				PROVISIONING_PROFILE = "";
				SDKROOT = iphoneos;
				TARGETED_DEVICE_FAMILY = "1,2";
			};
			name = Debug;
		};
		CBF669981390F6E3001AD176 /* Release */ = {
			isa = XCBuildConfiguration;
			buildSettings = {
				ALWAYS_SEARCH_USER_PATHS = NO;
				CODE_SIGN_IDENTITY = "iPhone Developer";
				COPY_PHASE_STRIP = YES;
				DEBUG_INFORMATION_FORMAT = "dwarf-with-dsym";
				FRAMEWORK_SEARCH_PATHS = (
					"$(inherited)",
					"\"$(SRCROOT)/Frameworks\"",
				);
				GCC_ENABLE_FIX_AND_CONTINUE = NO;
				GCC_PRECOMPILE_PREFIX_HEADER = YES;
				GCC_PREFIX_HEADER = "$(SYSTEM_LIBRARY_DIR)/Frameworks/UIKit.framework/Headers/UIKit.h";
				INFOPLIST_FILE = "Tests-Info.plist";
				INSTALL_PATH = "$(HOME)/Applications";
				OTHER_LDFLAGS = (
					"-framework",
					Foundation,
					"-framework",
					UIKit,
				);
				PREBINDING = NO;
				PRODUCT_NAME = Tests;
				SDKROOT = iphoneos;
				ZERO_LINK = NO;
			};
			name = Release;
		};
/* End XCBuildConfiguration section */

/* Begin XCConfigurationList section */
		1DEB921E08733DC00010E9CD /* Build configuration list for PBXNativeTarget "FWFoundation" */ = {
			isa = XCConfigurationList;
			buildConfigurations = (
				1DEB921F08733DC00010E9CD /* Debug */,
				1DEB922008733DC00010E9CD /* Release */,
			);
			defaultConfigurationIsVisible = 0;
			defaultConfigurationName = Release;
		};
		1DEB922208733DC00010E9CD /* Build configuration list for PBXProject "FWFoundation" */ = {
			isa = XCConfigurationList;
			buildConfigurations = (
				1DEB922308733DC00010E9CD /* Debug */,
				1DEB922408733DC00010E9CD /* Release */,
			);
			defaultConfigurationIsVisible = 0;
			defaultConfigurationName = Release;
		};
		CBF669991390F6E4001AD176 /* Build configuration list for PBXNativeTarget "Tests" */ = {
			isa = XCConfigurationList;
			buildConfigurations = (
				CBF669971390F6E3001AD176 /* Debug */,
				CBF669981390F6E3001AD176 /* Release */,
			);
			defaultConfigurationIsVisible = 0;
			defaultConfigurationName = Release;
		};
/* End XCConfigurationList section */
	};
	rootObject = 0867D690FE84028FC02AAC07 /* Project object */;
}
